<?xml version="1.0" encoding="UTF-8"?>
<Scheme
   version = "1.3">
   <BuildAction>
      <BuildActionEntries>
         <BuildActionEntry
            buildForRunning = "YES">
            <BuildableReference
               BuildableIdentifier = "primary"
               BlueprintIdentifier = "B0D025CB23AB030300C5A53D"
               BuildableName = "&#24651;&#29233;&#23453;&#20856;.app"
               BlueprintName = "LoveChat"
               ReferencedContainer = "container:LoveChat.xcodeproj">
            </BuildableReference>
         </BuildActionEntry>
      </BuildActionEntries>
   </BuildAction>
   <LaunchAction
      useCustomWorkingDirectory = "NO"
      buildConfiguration = "Debug"
      allowLocationSimulation = "YES">
      <BuildableProductRunnable>
         <BuildableReference
            BuildableIdentifier = "primary"
            BlueprintIdentifier = "B0D025CB23AB030300C5A53D"
            BuildableName = "&#24651;&#29233;&#23453;&#20856;.app"
            BlueprintName = "LoveChat"
            ReferencedContainer = "container:LoveChat.xcodeproj">
         </BuildableReference>
      </BuildableProductRunnable>
   </LaunchAction>
</Scheme>
