// !$*UTF8*$!
{
	archiveVersion = 1;
	classes = {
	};
	objectVersion = 51;
	objects = {

/* Begin PBXBuildFile section */
		5D30244023ACB9AE001D7162 /* Gradient.swift in Sources */ = {isa = PBXBuildFile; fileRef = 5D30243F23ACB9AE001D7162 /* Gradient.swift */; };
		5D30244223ACCA95001D7162 /* HomeSectionView.swift in Sources */ = {isa = PBXBuildFile; fileRef = 5D30244123ACCA95001D7162 /* HomeSectionView.swift */; };
		5D30244623AD17C2001D7162 /* StringExt.swift in Sources */ = {isa = PBXBuildFile; fileRef = 5D30244523AD17C2001D7162 /* StringExt.swift */; };
		5D8E5F1223AD2A2400599B86 /* NSString+PinYin4Cocoa.m in Sources */ = {isa = PBXBuildFile; fileRef = 5D8E5F0423AD2A2400599B86 /* NSString+PinYin4Cocoa.m */; };
		5D8E5F1323AD2A2400599B86 /* unicode_to_hanyu_pinyin.txt in Resources */ = {isa = PBXBuildFile; fileRef = 5D8E5F0523AD2A2400599B86 /* unicode_to_hanyu_pinyin.txt */; };
		5D8E5F1423AD2A2400599B86 /* PinyinHelper.m in Sources */ = {isa = PBXBuildFile; fileRef = 5D8E5F0A23AD2A2400599B86 /* PinyinHelper.m */; };
		5D8E5F1523AD2A2400599B86 /* ChineseInclude.m in Sources */ = {isa = PBXBuildFile; fileRef = 5D8E5F0C23AD2A2400599B86 /* ChineseInclude.m */; };
		5D8E5F1623AD2A2400599B86 /* HanyuPinyinOutputFormat.m in Sources */ = {isa = PBXBuildFile; fileRef = 5D8E5F0D23AD2A2400599B86 /* HanyuPinyinOutputFormat.m */; };
		5D8E5F1723AD2A2400599B86 /* ZYPinYinSearch.m in Sources */ = {isa = PBXBuildFile; fileRef = 5D8E5F0E23AD2A2400599B86 /* ZYPinYinSearch.m */; };
		5D8E5F1823AD2A2400599B86 /* ChineseToPinyinResource.m in Sources */ = {isa = PBXBuildFile; fileRef = 5D8E5F0F23AD2A2400599B86 /* ChineseToPinyinResource.m */; };
		5D8E5F1923AD2A2400599B86 /* PinyinFormatter.m in Sources */ = {isa = PBXBuildFile; fileRef = 5D8E5F1023AD2A2400599B86 /* PinyinFormatter.m */; };
		5D8E5F1A23AD2A2400599B86 /* PinYinForObjc.m in Sources */ = {isa = PBXBuildFile; fileRef = 5D8E5F1123AD2A2400599B86 /* PinYinForObjc.m */; };
		5DCD5EC823AB329200634253 /* HomeViewController.swift in Sources */ = {isa = PBXBuildFile; fileRef = 5DCD5EC423AB329200634253 /* HomeViewController.swift */; };
		5DCD5EC923AB329200634253 /* HomeListView.swift in Sources */ = {isa = PBXBuildFile; fileRef = 5DCD5EC623AB329200634253 /* HomeListView.swift */; };
		5DCD5ECA23AB329200634253 /* HomeHeadView.swift in Sources */ = {isa = PBXBuildFile; fileRef = 5DCD5EC723AB329200634253 /* HomeHeadView.swift */; };
		5DCD5ECF23AB335900634253 /* HomePageModel.swift in Sources */ = {isa = PBXBuildFile; fileRef = 5DCD5ECE23AB335900634253 /* HomePageModel.swift */; };
		5DCD5FD423AB4BE300634253 /* HomeListCell.swift in Sources */ = {isa = PBXBuildFile; fileRef = 5DCD5FD323AB4BE300634253 /* HomeListCell.swift */; };
		5DCD5FD723AB4E3C00634253 /* index.json in Resources */ = {isa = PBXBuildFile; fileRef = 5DCD5FD623AB4E3C00634253 /* index.json */; };
		5DCD5FD923AB4F9F00634253 /* Header.swift in Sources */ = {isa = PBXBuildFile; fileRef = 5DCD5FD823AB4F9F00634253 /* Header.swift */; };
		B090E15E23ACB47E00805A1C /* DetailNavView.swift in Sources */ = {isa = PBXBuildFile; fileRef = B090E15D23ACB47E00805A1C /* DetailNavView.swift */; };
		B090E16023AD21E700805A1C /* DetailTableView.swift in Sources */ = {isa = PBXBuildFile; fileRef = B090E15F23AD21E700805A1C /* DetailTableView.swift */; };
		B090E16223AD233100805A1C /* DetailTableViewCell.swift in Sources */ = {isa = PBXBuildFile; fileRef = B090E16123AD233100805A1C /* DetailTableViewCell.swift */; };
		B090E1A623AD242C00805A1C /* GetJson.swift in Sources */ = {isa = PBXBuildFile; fileRef = B090E1A523AD242C00805A1C /* GetJson.swift */; };
		B090E1DC23AD39C800805A1C /* content0003.json in Resources */ = {isa = PBXBuildFile; fileRef = B090E1D523AD39C700805A1C /* content0003.json */; };
		B090E1DE23AD39C800805A1C /* content0002.json in Resources */ = {isa = PBXBuildFile; fileRef = B090E1D723AD39C700805A1C /* content0002.json */; };
		B090E1DF23AD39C800805A1C /* content0001.json in Resources */ = {isa = PBXBuildFile; fileRef = B090E1D823AD39C700805A1C /* content0001.json */; };
		B090E1E423AD57E700805A1C /* content0004.json in Resources */ = {isa = PBXBuildFile; fileRef = B090E1E023AD57E600805A1C /* content0004.json */; };
		B090E1E523AD57E700805A1C /* content0006.json in Resources */ = {isa = PBXBuildFile; fileRef = B090E1E123AD57E700805A1C /* content0006.json */; };
		B090E1E623AD57E700805A1C /* content0007.json in Resources */ = {isa = PBXBuildFile; fileRef = B090E1E223AD57E700805A1C /* content0007.json */; };
		B090E1E723AD57E700805A1C /* content0005.json in Resources */ = {isa = PBXBuildFile; fileRef = B090E1E323AD57E700805A1C /* content0005.json */; };
		B090E1EB23AD586600805A1C /* content0008.json in Resources */ = {isa = PBXBuildFile; fileRef = B090E1E823AD586600805A1C /* content0008.json */; };
		B090E1EC23AD586600805A1C /* content0010.json in Resources */ = {isa = PBXBuildFile; fileRef = B090E1E923AD586600805A1C /* content0010.json */; };
		B090E1ED23AD586600805A1C /* content0009.json in Resources */ = {isa = PBXBuildFile; fileRef = B090E1EA23AD586600805A1C /* content0009.json */; };
		B090E1F723AD58E100805A1C /* content0013.json in Resources */ = {isa = PBXBuildFile; fileRef = B090E1EE23AD58E000805A1C /* content0013.json */; };
		B090E1F823AD58E100805A1C /* content0012.json in Resources */ = {isa = PBXBuildFile; fileRef = B090E1EF23AD58E000805A1C /* content0012.json */; };
		B090E1F923AD58E100805A1C /* content0011.json in Resources */ = {isa = PBXBuildFile; fileRef = B090E1F023AD58E000805A1C /* content0011.json */; };
		B090E1FA23AD58E100805A1C /* content0015.json in Resources */ = {isa = PBXBuildFile; fileRef = B090E1F123AD58E100805A1C /* content0015.json */; };
		B090E1FB23AD58E100805A1C /* content0016.json in Resources */ = {isa = PBXBuildFile; fileRef = B090E1F223AD58E100805A1C /* content0016.json */; };
		B090E1FC23AD58E100805A1C /* content0014.json in Resources */ = {isa = PBXBuildFile; fileRef = B090E1F323AD58E100805A1C /* content0014.json */; };
		B090E1FD23AD58E100805A1C /* content0017.json in Resources */ = {isa = PBXBuildFile; fileRef = B090E1F423AD58E100805A1C /* content0017.json */; };
		B090E1FE23AD58E100805A1C /* content0018.json in Resources */ = {isa = PBXBuildFile; fileRef = B090E1F523AD58E100805A1C /* content0018.json */; };
		B090E1FF23AD58E100805A1C /* content0019.json in Resources */ = {isa = PBXBuildFile; fileRef = B090E1F623AD58E100805A1C /* content0019.json */; };
		B090E20C23AD597D00805A1C /* content0029.json in Resources */ = {isa = PBXBuildFile; fileRef = B090E20023AD597C00805A1C /* content0029.json */; };
		B090E20D23AD597D00805A1C /* content0025.json in Resources */ = {isa = PBXBuildFile; fileRef = B090E20123AD597C00805A1C /* content0025.json */; };
		B090E20E23AD597D00805A1C /* content0021.json in Resources */ = {isa = PBXBuildFile; fileRef = B090E20223AD597C00805A1C /* content0021.json */; };
		B090E20F23AD597D00805A1C /* content0031.json in Resources */ = {isa = PBXBuildFile; fileRef = B090E20323AD597C00805A1C /* content0031.json */; };
		B090E21023AD597D00805A1C /* content0030.json in Resources */ = {isa = PBXBuildFile; fileRef = B090E20423AD597C00805A1C /* content0030.json */; };
		B090E21123AD597D00805A1C /* content0024.json in Resources */ = {isa = PBXBuildFile; fileRef = B090E20523AD597D00805A1C /* content0024.json */; };
		B090E21223AD597D00805A1C /* content0028.json in Resources */ = {isa = PBXBuildFile; fileRef = B090E20623AD597D00805A1C /* content0028.json */; };
		B090E21323AD597D00805A1C /* content0022.json in Resources */ = {isa = PBXBuildFile; fileRef = B090E20723AD597D00805A1C /* content0022.json */; };
		B090E21423AD597D00805A1C /* content0020.json in Resources */ = {isa = PBXBuildFile; fileRef = B090E20823AD597D00805A1C /* content0020.json */; };
		B090E21523AD597D00805A1C /* content0023.json in Resources */ = {isa = PBXBuildFile; fileRef = B090E20923AD597D00805A1C /* content0023.json */; };
		B090E21623AD597D00805A1C /* content0027.json in Resources */ = {isa = PBXBuildFile; fileRef = B090E20A23AD597D00805A1C /* content0027.json */; };
		B090E21723AD597D00805A1C /* content0026.json in Resources */ = {isa = PBXBuildFile; fileRef = B090E20B23AD597D00805A1C /* content0026.json */; };
		B090E21923ADDB0E00805A1C /* ViewExtension.swift in Sources */ = {isa = PBXBuildFile; fileRef = B090E21823ADDB0E00805A1C /* ViewExtension.swift */; };
		B099FD6923AE5D2B000C9A46 /* about.html in Resources */ = {isa = PBXBuildFile; fileRef = B099FD6823AE5D2B000C9A46 /* about.html */; };
		B099FD6B23AE5D44000C9A46 /* About.swift in Sources */ = {isa = PBXBuildFile; fileRef = B099FD6A23AE5D44000C9A46 /* About.swift */; };
		B0D025D023AB030300C5A53D /* AppDelegate.swift in Sources */ = {isa = PBXBuildFile; fileRef = B0D025CF23AB030300C5A53D /* AppDelegate.swift */; };
		B0D025D723AB030300C5A53D /* Main.storyboard in Resources */ = {isa = PBXBuildFile; fileRef = B0D025D523AB030300C5A53D /* Main.storyboard */; };
		B0D025D923AB030600C5A53D /* Assets.xcassets in Resources */ = {isa = PBXBuildFile; fileRef = B0D025D823AB030600C5A53D /* Assets.xcassets */; };
		B0D025DC23AB030600C5A53D /* LaunchScreen.storyboard in Resources */ = {isa = PBXBuildFile; fileRef = B0D025DA23AB030600C5A53D /* LaunchScreen.storyboard */; };
		B0D025E723AB030600C5A53D /* LoveChatTests.swift in Sources */ = {isa = PBXBuildFile; fileRef = B0D025E623AB030600C5A53D /* LoveChatTests.swift */; };
		B0D025F223AB030600C5A53D /* LoveChatUITests.swift in Sources */ = {isa = PBXBuildFile; fileRef = B0D025F123AB030600C5A53D /* LoveChatUITests.swift */; };
		B0D0260923AB037E00C5A53D /* BaseTabBarController.swift in Sources */ = {isa = PBXBuildFile; fileRef = B0D0260023AB037E00C5A53D /* BaseTabBarController.swift */; };
		B0D0260A23AB037E00C5A53D /* BaseViewController.swift in Sources */ = {isa = PBXBuildFile; fileRef = B0D0260123AB037E00C5A53D /* BaseViewController.swift */; };
		B0D0260B23AB037E00C5A53D /* BaseNavigationController.swift in Sources */ = {isa = PBXBuildFile; fileRef = B0D0260223AB037E00C5A53D /* BaseNavigationController.swift */; };
		B0D0260C23AB037E00C5A53D /* BaseView.swift in Sources */ = {isa = PBXBuildFile; fileRef = B0D0260323AB037E00C5A53D /* BaseView.swift */; };
		B0D0260D23AB037E00C5A53D /* UIColorDarkMode.swift in Sources */ = {isa = PBXBuildFile; fileRef = B0D0260523AB037E00C5A53D /* UIColorDarkMode.swift */; };
		B0D0260E23AB037E00C5A53D /* TableViewCellReusable.swift in Sources */ = {isa = PBXBuildFile; fileRef = B0D0260623AB037E00C5A53D /* TableViewCellReusable.swift */; };
		B0D0260F23AB037E00C5A53D /* ClassName.swift in Sources */ = {isa = PBXBuildFile; fileRef = B0D0260723AB037E00C5A53D /* ClassName.swift */; };
		B0D0261023AB037E00C5A53D /* StringExtension.swift in Sources */ = {isa = PBXBuildFile; fileRef = B0D0260823AB037E00C5A53D /* StringExtension.swift */; };
		B0D0261723AB041B00C5A53D /* Constants.swift in Sources */ = {isa = PBXBuildFile; fileRef = B0D0261623AB041B00C5A53D /* Constants.swift */; };
		B0D0261B23AB04C700C5A53D /* DetailViewController.swift in Sources */ = {isa = PBXBuildFile; fileRef = B0D0261A23AB04C700C5A53D /* DetailViewController.swift */; };
		B0D0261D23AB04D100C5A53D /* SearchViewController.swift in Sources */ = {isa = PBXBuildFile; fileRef = B0D0261C23AB04D100C5A53D /* SearchViewController.swift */; };
		B0D0262023AB4BE400C5A53D /* MoreViewController.swift in Sources */ = {isa = PBXBuildFile; fileRef = B0D0261F23AB4BE400C5A53D /* MoreViewController.swift */; };
		B0D0262323AB4E2900C5A53D /* MeSettingTableView.swift in Sources */ = {isa = PBXBuildFile; fileRef = B0D0262223AB4E2900C5A53D /* MeSettingTableView.swift */; };
		B0D0262623AB4EDE00C5A53D /* MoreModel.swift in Sources */ = {isa = PBXBuildFile; fileRef = B0D0262523AB4EDE00C5A53D /* MoreModel.swift */; };
		B0D0262823AB558C00C5A53D /* SettingMainTableViewCell.swift in Sources */ = {isa = PBXBuildFile; fileRef = B0D0262723AB558C00C5A53D /* SettingMainTableViewCell.swift */; };
		B0D0262A23AB5E0B00C5A53D /* MoreHeaderView.swift in Sources */ = {isa = PBXBuildFile; fileRef = B0D0262923AB5E0B00C5A53D /* MoreHeaderView.swift */; };
		B0D0262C23AB5FA600C5A53D /* SaveModel.swift in Sources */ = {isa = PBXBuildFile; fileRef = B0D0262B23AB5FA600C5A53D /* SaveModel.swift */; };
		B0D0262F23AB67CA00C5A53D /* advice.html in Resources */ = {isa = PBXBuildFile; fileRef = B0D0262D23AB67CA00C5A53D /* advice.html */; };
		B0D0263023AB67CA00C5A53D /* FeebBack.swift in Sources */ = {isa = PBXBuildFile; fileRef = B0D0262E23AB67CA00C5A53D /* FeebBack.swift */; };
		C390798EB105CEAEC720DD00 /* Pods_LoveChat.framework in Frameworks */ = {isa = PBXBuildFile; fileRef = 97FEFC5DD5E51F0EB5CAD5B6 /* Pods_LoveChat.framework */; };
/* End PBXBuildFile section */

/* Begin PBXContainerItemProxy section */
		B0D025E323AB030600C5A53D /* PBXContainerItemProxy */ = {
			isa = PBXContainerItemProxy;
			containerPortal = B0D025C423AB030300C5A53D /* Project object */;
			proxyType = 1;
			remoteGlobalIDString = B0D025CB23AB030300C5A53D;
			remoteInfo = LoveChat;
		};
		B0D025EE23AB030600C5A53D /* PBXContainerItemProxy */ = {
			isa = PBXContainerItemProxy;
			containerPortal = B0D025C423AB030300C5A53D /* Project object */;
			proxyType = 1;
			remoteGlobalIDString = B0D025CB23AB030300C5A53D;
			remoteInfo = LoveChat;
		};
/* End PBXContainerItemProxy section */

/* Begin PBXFileReference section */
		5D30243F23ACB9AE001D7162 /* Gradient.swift */ = {isa = PBXFileReference; fileEncoding = 4; lastKnownFileType = sourcecode.swift; path = Gradient.swift; sourceTree = "<group>"; };
		5D30244123ACCA95001D7162 /* HomeSectionView.swift */ = {isa = PBXFileReference; lastKnownFileType = sourcecode.swift; path = HomeSectionView.swift; sourceTree = "<group>"; };
		5D30244523AD17C2001D7162 /* StringExt.swift */ = {isa = PBXFileReference; fileEncoding = 4; lastKnownFileType = sourcecode.swift; path = StringExt.swift; sourceTree = "<group>"; };
		5D8E5EFB23AD287D00599B86 /* LoveChat-Bridging-Header.h */ = {isa = PBXFileReference; lastKnownFileType = sourcecode.c.h; path = "LoveChat-Bridging-Header.h"; sourceTree = "<group>"; };
		5D8E5F0123AD2A2400599B86 /* PinyinHelper.h */ = {isa = PBXFileReference; fileEncoding = 4; lastKnownFileType = sourcecode.c.h; path = PinyinHelper.h; sourceTree = "<group>"; };
		5D8E5F0223AD2A2400599B86 /* HanyuPinyinOutputFormat.h */ = {isa = PBXFileReference; fileEncoding = 4; lastKnownFileType = sourcecode.c.h; path = HanyuPinyinOutputFormat.h; sourceTree = "<group>"; };
		5D8E5F0323AD2A2400599B86 /* ChineseInclude.h */ = {isa = PBXFileReference; fileEncoding = 4; lastKnownFileType = sourcecode.c.h; path = ChineseInclude.h; sourceTree = "<group>"; };
		5D8E5F0423AD2A2400599B86 /* NSString+PinYin4Cocoa.m */ = {isa = PBXFileReference; fileEncoding = 4; lastKnownFileType = sourcecode.c.objc; path = "NSString+PinYin4Cocoa.m"; sourceTree = "<group>"; };
		5D8E5F0523AD2A2400599B86 /* unicode_to_hanyu_pinyin.txt */ = {isa = PBXFileReference; fileEncoding = 4; lastKnownFileType = text; path = unicode_to_hanyu_pinyin.txt; sourceTree = "<group>"; };
		5D8E5F0623AD2A2400599B86 /* ChineseToPinyinResource.h */ = {isa = PBXFileReference; fileEncoding = 4; lastKnownFileType = sourcecode.c.h; path = ChineseToPinyinResource.h; sourceTree = "<group>"; };
		5D8E5F0723AD2A2400599B86 /* ZYPinYinSearch.h */ = {isa = PBXFileReference; fileEncoding = 4; lastKnownFileType = sourcecode.c.h; path = ZYPinYinSearch.h; sourceTree = "<group>"; };
		5D8E5F0823AD2A2400599B86 /* PinYinForObjc.h */ = {isa = PBXFileReference; fileEncoding = 4; lastKnownFileType = sourcecode.c.h; path = PinYinForObjc.h; sourceTree = "<group>"; };
		5D8E5F0923AD2A2400599B86 /* PinyinFormatter.h */ = {isa = PBXFileReference; fileEncoding = 4; lastKnownFileType = sourcecode.c.h; path = PinyinFormatter.h; sourceTree = "<group>"; };
		5D8E5F0A23AD2A2400599B86 /* PinyinHelper.m */ = {isa = PBXFileReference; fileEncoding = 4; lastKnownFileType = sourcecode.c.objc; path = PinyinHelper.m; sourceTree = "<group>"; };
		5D8E5F0B23AD2A2400599B86 /* NSString+PinYin4Cocoa.h */ = {isa = PBXFileReference; fileEncoding = 4; lastKnownFileType = sourcecode.c.h; path = "NSString+PinYin4Cocoa.h"; sourceTree = "<group>"; };
		5D8E5F0C23AD2A2400599B86 /* ChineseInclude.m */ = {isa = PBXFileReference; fileEncoding = 4; lastKnownFileType = sourcecode.c.objc; path = ChineseInclude.m; sourceTree = "<group>"; };
		5D8E5F0D23AD2A2400599B86 /* HanyuPinyinOutputFormat.m */ = {isa = PBXFileReference; fileEncoding = 4; lastKnownFileType = sourcecode.c.objc; path = HanyuPinyinOutputFormat.m; sourceTree = "<group>"; };
		5D8E5F0E23AD2A2400599B86 /* ZYPinYinSearch.m */ = {isa = PBXFileReference; fileEncoding = 4; lastKnownFileType = sourcecode.c.objc; path = ZYPinYinSearch.m; sourceTree = "<group>"; };
		5D8E5F0F23AD2A2400599B86 /* ChineseToPinyinResource.m */ = {isa = PBXFileReference; fileEncoding = 4; lastKnownFileType = sourcecode.c.objc; path = ChineseToPinyinResource.m; sourceTree = "<group>"; };
		5D8E5F1023AD2A2400599B86 /* PinyinFormatter.m */ = {isa = PBXFileReference; fileEncoding = 4; lastKnownFileType = sourcecode.c.objc; path = PinyinFormatter.m; sourceTree = "<group>"; };
		5D8E5F1123AD2A2400599B86 /* PinYinForObjc.m */ = {isa = PBXFileReference; fileEncoding = 4; lastKnownFileType = sourcecode.c.objc; path = PinYinForObjc.m; sourceTree = "<group>"; };
		5DCD5EC423AB329200634253 /* HomeViewController.swift */ = {isa = PBXFileReference; fileEncoding = 4; lastKnownFileType = sourcecode.swift; path = HomeViewController.swift; sourceTree = "<group>"; };
		5DCD5EC623AB329200634253 /* HomeListView.swift */ = {isa = PBXFileReference; fileEncoding = 4; lastKnownFileType = sourcecode.swift; path = HomeListView.swift; sourceTree = "<group>"; };
		5DCD5EC723AB329200634253 /* HomeHeadView.swift */ = {isa = PBXFileReference; fileEncoding = 4; lastKnownFileType = sourcecode.swift; path = HomeHeadView.swift; sourceTree = "<group>"; };
		5DCD5ECE23AB335900634253 /* HomePageModel.swift */ = {isa = PBXFileReference; lastKnownFileType = sourcecode.swift; path = HomePageModel.swift; sourceTree = "<group>"; };
		5DCD5FD323AB4BE300634253 /* HomeListCell.swift */ = {isa = PBXFileReference; lastKnownFileType = sourcecode.swift; path = HomeListCell.swift; sourceTree = "<group>"; };
		5DCD5FD623AB4E3C00634253 /* index.json */ = {isa = PBXFileReference; fileEncoding = 4; lastKnownFileType = text.json; path = index.json; sourceTree = "<group>"; };
		5DCD5FD823AB4F9F00634253 /* Header.swift */ = {isa = PBXFileReference; lastKnownFileType = sourcecode.swift; path = Header.swift; sourceTree = "<group>"; };
		97FEFC5DD5E51F0EB5CAD5B6 /* Pods_LoveChat.framework */ = {isa = PBXFileReference; explicitFileType = wrapper.framework; includeInIndex = 0; path = Pods_LoveChat.framework; sourceTree = BUILT_PRODUCTS_DIR; };
		B090E15D23ACB47E00805A1C /* DetailNavView.swift */ = {isa = PBXFileReference; lastKnownFileType = sourcecode.swift; path = DetailNavView.swift; sourceTree = "<group>"; };
		B090E15F23AD21E700805A1C /* DetailTableView.swift */ = {isa = PBXFileReference; lastKnownFileType = sourcecode.swift; path = DetailTableView.swift; sourceTree = "<group>"; };
		B090E16123AD233100805A1C /* DetailTableViewCell.swift */ = {isa = PBXFileReference; lastKnownFileType = sourcecode.swift; path = DetailTableViewCell.swift; sourceTree = "<group>"; };
		B090E1A523AD242C00805A1C /* GetJson.swift */ = {isa = PBXFileReference; lastKnownFileType = sourcecode.swift; path = GetJson.swift; sourceTree = "<group>"; };
		B090E1D523AD39C700805A1C /* content0003.json */ = {isa = PBXFileReference; fileEncoding = 4; lastKnownFileType = text.json; path = content0003.json; sourceTree = "<group>"; };
		B090E1D723AD39C700805A1C /* content0002.json */ = {isa = PBXFileReference; fileEncoding = 4; lastKnownFileType = text.json; path = content0002.json; sourceTree = "<group>"; };
		B090E1D823AD39C700805A1C /* content0001.json */ = {isa = PBXFileReference; fileEncoding = 4; lastKnownFileType = text.json; path = content0001.json; sourceTree = "<group>"; };
		B090E1E023AD57E600805A1C /* content0004.json */ = {isa = PBXFileReference; fileEncoding = 4; lastKnownFileType = text.json; path = content0004.json; sourceTree = "<group>"; };
		B090E1E123AD57E700805A1C /* content0006.json */ = {isa = PBXFileReference; fileEncoding = 4; lastKnownFileType = text.json; path = content0006.json; sourceTree = "<group>"; };
		B090E1E223AD57E700805A1C /* content0007.json */ = {isa = PBXFileReference; fileEncoding = 4; lastKnownFileType = text.json; path = content0007.json; sourceTree = "<group>"; };
		B090E1E323AD57E700805A1C /* content0005.json */ = {isa = PBXFileReference; fileEncoding = 4; lastKnownFileType = text.json; path = content0005.json; sourceTree = "<group>"; };
		B090E1E823AD586600805A1C /* content0008.json */ = {isa = PBXFileReference; fileEncoding = 4; lastKnownFileType = text.json; path = content0008.json; sourceTree = "<group>"; };
		B090E1E923AD586600805A1C /* content0010.json */ = {isa = PBXFileReference; fileEncoding = 4; lastKnownFileType = text.json; path = content0010.json; sourceTree = "<group>"; };
		B090E1EA23AD586600805A1C /* content0009.json */ = {isa = PBXFileReference; fileEncoding = 4; lastKnownFileType = text.json; path = content0009.json; sourceTree = "<group>"; };
		B090E1EE23AD58E000805A1C /* content0013.json */ = {isa = PBXFileReference; fileEncoding = 4; lastKnownFileType = text.json; path = content0013.json; sourceTree = "<group>"; };
		B090E1EF23AD58E000805A1C /* content0012.json */ = {isa = PBXFileReference; fileEncoding = 4; lastKnownFileType = text.json; path = content0012.json; sourceTree = "<group>"; };
		B090E1F023AD58E000805A1C /* content0011.json */ = {isa = PBXFileReference; fileEncoding = 4; lastKnownFileType = text.json; path = content0011.json; sourceTree = "<group>"; };
		B090E1F123AD58E100805A1C /* content0015.json */ = {isa = PBXFileReference; fileEncoding = 4; lastKnownFileType = text.json; path = content0015.json; sourceTree = "<group>"; };
		B090E1F223AD58E100805A1C /* content0016.json */ = {isa = PBXFileReference; fileEncoding = 4; lastKnownFileType = text.json; path = content0016.json; sourceTree = "<group>"; };
		B090E1F323AD58E100805A1C /* content0014.json */ = {isa = PBXFileReference; fileEncoding = 4; lastKnownFileType = text.json; path = content0014.json; sourceTree = "<group>"; };
		B090E1F423AD58E100805A1C /* content0017.json */ = {isa = PBXFileReference; fileEncoding = 4; lastKnownFileType = text.json; path = content0017.json; sourceTree = "<group>"; };
		B090E1F523AD58E100805A1C /* content0018.json */ = {isa = PBXFileReference; fileEncoding = 4; lastKnownFileType = text.json; path = content0018.json; sourceTree = "<group>"; };
		B090E1F623AD58E100805A1C /* content0019.json */ = {isa = PBXFileReference; fileEncoding = 4; lastKnownFileType = text.json; path = content0019.json; sourceTree = "<group>"; };
		B090E20023AD597C00805A1C /* content0029.json */ = {isa = PBXFileReference; fileEncoding = 4; lastKnownFileType = text.json; path = content0029.json; sourceTree = "<group>"; };
		B090E20123AD597C00805A1C /* content0025.json */ = {isa = PBXFileReference; fileEncoding = 4; lastKnownFileType = text.json; path = content0025.json; sourceTree = "<group>"; };
		B090E20223AD597C00805A1C /* content0021.json */ = {isa = PBXFileReference; fileEncoding = 4; lastKnownFileType = text.json; path = content0021.json; sourceTree = "<group>"; };
		B090E20323AD597C00805A1C /* content0031.json */ = {isa = PBXFileReference; fileEncoding = 4; lastKnownFileType = text.json; path = content0031.json; sourceTree = "<group>"; };
		B090E20423AD597C00805A1C /* content0030.json */ = {isa = PBXFileReference; fileEncoding = 4; lastKnownFileType = text.json; path = content0030.json; sourceTree = "<group>"; };
		B090E20523AD597D00805A1C /* content0024.json */ = {isa = PBXFileReference; fileEncoding = 4; lastKnownFileType = text.json; path = content0024.json; sourceTree = "<group>"; };
		B090E20623AD597D00805A1C /* content0028.json */ = {isa = PBXFileReference; fileEncoding = 4; lastKnownFileType = text.json; path = content0028.json; sourceTree = "<group>"; };
		B090E20723AD597D00805A1C /* content0022.json */ = {isa = PBXFileReference; fileEncoding = 4; lastKnownFileType = text.json; path = content0022.json; sourceTree = "<group>"; };
		B090E20823AD597D00805A1C /* content0020.json */ = {isa = PBXFileReference; fileEncoding = 4; lastKnownFileType = text.json; path = content0020.json; sourceTree = "<group>"; };
		B090E20923AD597D00805A1C /* content0023.json */ = {isa = PBXFileReference; fileEncoding = 4; lastKnownFileType = text.json; path = content0023.json; sourceTree = "<group>"; };
		B090E20A23AD597D00805A1C /* content0027.json */ = {isa = PBXFileReference; fileEncoding = 4; lastKnownFileType = text.json; path = content0027.json; sourceTree = "<group>"; };
		B090E20B23AD597D00805A1C /* content0026.json */ = {isa = PBXFileReference; fileEncoding = 4; lastKnownFileType = text.json; path = content0026.json; sourceTree = "<group>"; };
		B090E21823ADDB0E00805A1C /* ViewExtension.swift */ = {isa = PBXFileReference; lastKnownFileType = sourcecode.swift; path = ViewExtension.swift; sourceTree = "<group>"; };
		B099FD6823AE5D2B000C9A46 /* about.html */ = {isa = PBXFileReference; fileEncoding = 4; lastKnownFileType = text.html; path = about.html; sourceTree = "<group>"; };
		B099FD6A23AE5D44000C9A46 /* About.swift */ = {isa = PBXFileReference; fileEncoding = 4; lastKnownFileType = sourcecode.swift; path = About.swift; sourceTree = "<group>"; };
		B0D025CC23AB030300C5A53D /* 恋爱宝典.app */ = {isa = PBXFileReference; explicitFileType = wrapper.application; includeInIndex = 0; path = "恋爱宝典.app"; sourceTree = BUILT_PRODUCTS_DIR; };
		B0D025CF23AB030300C5A53D /* AppDelegate.swift */ = {isa = PBXFileReference; lastKnownFileType = sourcecode.swift; path = AppDelegate.swift; sourceTree = "<group>"; };
		B0D025D623AB030300C5A53D /* Base */ = {isa = PBXFileReference; lastKnownFileType = file.storyboard; name = Base; path = Base.lproj/Main.storyboard; sourceTree = "<group>"; };
		B0D025D823AB030600C5A53D /* Assets.xcassets */ = {isa = PBXFileReference; lastKnownFileType = folder.assetcatalog; path = Assets.xcassets; sourceTree = "<group>"; };
		B0D025DB23AB030600C5A53D /* Base */ = {isa = PBXFileReference; lastKnownFileType = file.storyboard; name = Base; path = Base.lproj/LaunchScreen.storyboard; sourceTree = "<group>"; };
		B0D025DD23AB030600C5A53D /* Info.plist */ = {isa = PBXFileReference; lastKnownFileType = text.plist.xml; path = Info.plist; sourceTree = "<group>"; };
		B0D025E223AB030600C5A53D /* LoveChatTests.xctest */ = {isa = PBXFileReference; explicitFileType = wrapper.cfbundle; includeInIndex = 0; path = LoveChatTests.xctest; sourceTree = BUILT_PRODUCTS_DIR; };
		B0D025E623AB030600C5A53D /* LoveChatTests.swift */ = {isa = PBXFileReference; lastKnownFileType = sourcecode.swift; path = LoveChatTests.swift; sourceTree = "<group>"; };
		B0D025E823AB030600C5A53D /* Info.plist */ = {isa = PBXFileReference; lastKnownFileType = text.plist.xml; path = Info.plist; sourceTree = "<group>"; };
		B0D025ED23AB030600C5A53D /* LoveChatUITests.xctest */ = {isa = PBXFileReference; explicitFileType = wrapper.cfbundle; includeInIndex = 0; path = LoveChatUITests.xctest; sourceTree = BUILT_PRODUCTS_DIR; };
		B0D025F123AB030600C5A53D /* LoveChatUITests.swift */ = {isa = PBXFileReference; lastKnownFileType = sourcecode.swift; path = LoveChatUITests.swift; sourceTree = "<group>"; };
		B0D025F323AB030600C5A53D /* Info.plist */ = {isa = PBXFileReference; lastKnownFileType = text.plist.xml; path = Info.plist; sourceTree = "<group>"; };
		B0D0260023AB037E00C5A53D /* BaseTabBarController.swift */ = {isa = PBXFileReference; fileEncoding = 4; lastKnownFileType = sourcecode.swift; path = BaseTabBarController.swift; sourceTree = "<group>"; };
		B0D0260123AB037E00C5A53D /* BaseViewController.swift */ = {isa = PBXFileReference; fileEncoding = 4; lastKnownFileType = sourcecode.swift; path = BaseViewController.swift; sourceTree = "<group>"; };
		B0D0260223AB037E00C5A53D /* BaseNavigationController.swift */ = {isa = PBXFileReference; fileEncoding = 4; lastKnownFileType = sourcecode.swift; path = BaseNavigationController.swift; sourceTree = "<group>"; };
		B0D0260323AB037E00C5A53D /* BaseView.swift */ = {isa = PBXFileReference; fileEncoding = 4; lastKnownFileType = sourcecode.swift; path = BaseView.swift; sourceTree = "<group>"; };
		B0D0260523AB037E00C5A53D /* UIColorDarkMode.swift */ = {isa = PBXFileReference; fileEncoding = 4; lastKnownFileType = sourcecode.swift; path = UIColorDarkMode.swift; sourceTree = "<group>"; };
		B0D0260623AB037E00C5A53D /* TableViewCellReusable.swift */ = {isa = PBXFileReference; fileEncoding = 4; lastKnownFileType = sourcecode.swift; path = TableViewCellReusable.swift; sourceTree = "<group>"; };
		B0D0260723AB037E00C5A53D /* ClassName.swift */ = {isa = PBXFileReference; fileEncoding = 4; lastKnownFileType = sourcecode.swift; path = ClassName.swift; sourceTree = "<group>"; };
		B0D0260823AB037E00C5A53D /* StringExtension.swift */ = {isa = PBXFileReference; fileEncoding = 4; lastKnownFileType = sourcecode.swift; path = StringExtension.swift; sourceTree = "<group>"; };
		B0D0261623AB041B00C5A53D /* Constants.swift */ = {isa = PBXFileReference; fileEncoding = 4; lastKnownFileType = sourcecode.swift; path = Constants.swift; sourceTree = "<group>"; };
		B0D0261A23AB04C700C5A53D /* DetailViewController.swift */ = {isa = PBXFileReference; lastKnownFileType = sourcecode.swift; path = DetailViewController.swift; sourceTree = "<group>"; };
		B0D0261C23AB04D100C5A53D /* SearchViewController.swift */ = {isa = PBXFileReference; lastKnownFileType = sourcecode.swift; path = SearchViewController.swift; sourceTree = "<group>"; };
		B0D0261F23AB4BE400C5A53D /* MoreViewController.swift */ = {isa = PBXFileReference; lastKnownFileType = sourcecode.swift; path = MoreViewController.swift; sourceTree = "<group>"; };
		B0D0262223AB4E2900C5A53D /* MeSettingTableView.swift */ = {isa = PBXFileReference; fileEncoding = 4; lastKnownFileType = sourcecode.swift; path = MeSettingTableView.swift; sourceTree = "<group>"; };
		B0D0262523AB4EDE00C5A53D /* MoreModel.swift */ = {isa = PBXFileReference; lastKnownFileType = sourcecode.swift; path = MoreModel.swift; sourceTree = "<group>"; };
		B0D0262723AB558C00C5A53D /* SettingMainTableViewCell.swift */ = {isa = PBXFileReference; fileEncoding = 4; lastKnownFileType = sourcecode.swift; path = SettingMainTableViewCell.swift; sourceTree = "<group>"; };
		B0D0262923AB5E0B00C5A53D /* MoreHeaderView.swift */ = {isa = PBXFileReference; lastKnownFileType = sourcecode.swift; path = MoreHeaderView.swift; sourceTree = "<group>"; };
		B0D0262B23AB5FA600C5A53D /* SaveModel.swift */ = {isa = PBXFileReference; lastKnownFileType = sourcecode.swift; path = SaveModel.swift; sourceTree = "<group>"; };
		B0D0262D23AB67CA00C5A53D /* advice.html */ = {isa = PBXFileReference; fileEncoding = 4; lastKnownFileType = text.html; path = advice.html; sourceTree = "<group>"; };
		B0D0262E23AB67CA00C5A53D /* FeebBack.swift */ = {isa = PBXFileReference; fileEncoding = 4; lastKnownFileType = sourcecode.swift; path = FeebBack.swift; sourceTree = "<group>"; };
		B6CA670671560913579F1413 /* Pods-LoveChat.debug.xcconfig */ = {isa = PBXFileReference; includeInIndex = 1; lastKnownFileType = text.xcconfig; name = "Pods-LoveChat.debug.xcconfig"; path = "Target Support Files/Pods-LoveChat/Pods-LoveChat.debug.xcconfig"; sourceTree = "<group>"; };
		F8438C4873AA5D10AEEE082D /* Pods-LoveChat.release.xcconfig */ = {isa = PBXFileReference; includeInIndex = 1; lastKnownFileType = text.xcconfig; name = "Pods-LoveChat.release.xcconfig"; path = "Target Support Files/Pods-LoveChat/Pods-LoveChat.release.xcconfig"; sourceTree = "<group>"; };
/* End PBXFileReference section */

/* Begin PBXFrameworksBuildPhase section */
		B0D025C923AB030300C5A53D /* Frameworks */ = {
			isa = PBXFrameworksBuildPhase;
			buildActionMask = 2147483647;
			files = (
				C390798EB105CEAEC720DD00 /* Pods_LoveChat.framework in Frameworks */,
			);
			runOnlyForDeploymentPostprocessing = 0;
		};
		B0D025DF23AB030600C5A53D /* Frameworks */ = {
			isa = PBXFrameworksBuildPhase;
			buildActionMask = 2147483647;
			files = (
			);
			runOnlyForDeploymentPostprocessing = 0;
		};
		B0D025EA23AB030600C5A53D /* Frameworks */ = {
			isa = PBXFrameworksBuildPhase;
			buildActionMask = 2147483647;
			files = (
			);
			runOnlyForDeploymentPostprocessing = 0;
		};
/* End PBXFrameworksBuildPhase section */

/* Begin PBXGroup section */
		5D8E5EFF23AD2A2400599B86 /* Vendor */ = {
			isa = PBXGroup;
			children = (
				5D8E5F0023AD2A2400599B86 /* PinYinSearchLib */,
			);
			path = Vendor;
			sourceTree = "<group>";
		};
		5D8E5F0023AD2A2400599B86 /* PinYinSearchLib */ = {
			isa = PBXGroup;
			children = (
				5D8E5F0323AD2A2400599B86 /* ChineseInclude.h */,
				5D8E5F0C23AD2A2400599B86 /* ChineseInclude.m */,
				5D8E5F0623AD2A2400599B86 /* ChineseToPinyinResource.h */,
				5D8E5F0F23AD2A2400599B86 /* ChineseToPinyinResource.m */,
				5D8E5F0223AD2A2400599B86 /* HanyuPinyinOutputFormat.h */,
				5D8E5F0D23AD2A2400599B86 /* HanyuPinyinOutputFormat.m */,
				5D8E5F0B23AD2A2400599B86 /* NSString+PinYin4Cocoa.h */,
				5D8E5F0423AD2A2400599B86 /* NSString+PinYin4Cocoa.m */,
				5D8E5F0923AD2A2400599B86 /* PinyinFormatter.h */,
				5D8E5F1023AD2A2400599B86 /* PinyinFormatter.m */,
				5D8E5F0823AD2A2400599B86 /* PinYinForObjc.h */,
				5D8E5F1123AD2A2400599B86 /* PinYinForObjc.m */,
				5D8E5F0123AD2A2400599B86 /* PinyinHelper.h */,
				5D8E5F0A23AD2A2400599B86 /* PinyinHelper.m */,
				5D8E5F0523AD2A2400599B86 /* unicode_to_hanyu_pinyin.txt */,
				5D8E5F0723AD2A2400599B86 /* ZYPinYinSearch.h */,
				5D8E5F0E23AD2A2400599B86 /* ZYPinYinSearch.m */,
			);
			path = PinYinSearchLib;
			sourceTree = "<group>";
		};
		5DCD5EC323AB329200634253 /* Controller */ = {
			isa = PBXGroup;
			children = (
				5DCD5EC423AB329200634253 /* HomeViewController.swift */,
			);
			path = Controller;
			sourceTree = "<group>";
		};
		5DCD5EC523AB329200634253 /* View */ = {
			isa = PBXGroup;
			children = (
				5DCD5EC623AB329200634253 /* HomeListView.swift */,
				5DCD5EC723AB329200634253 /* HomeHeadView.swift */,
				5DCD5FD323AB4BE300634253 /* HomeListCell.swift */,
				5D30244123ACCA95001D7162 /* HomeSectionView.swift */,
			);
			path = View;
			sourceTree = "<group>";
		};
		5DCD5ECB23AB32A300634253 /* Model */ = {
			isa = PBXGroup;
			children = (
				5DCD5ECE23AB335900634253 /* HomePageModel.swift */,
			);
			path = Model;
			sourceTree = "<group>";
		};
		5DCD5FD523AB4E3C00634253 /* Resource */ = {
			isa = PBXGroup;
			children = (
				B090E1A523AD242C00805A1C /* GetJson.swift */,
				5DCD5FD623AB4E3C00634253 /* index.json */,
				B090E1D823AD39C700805A1C /* content0001.json */,
				B090E1D723AD39C700805A1C /* content0002.json */,
				B090E1D523AD39C700805A1C /* content0003.json */,
				B090E1E023AD57E600805A1C /* content0004.json */,
				B090E1E323AD57E700805A1C /* content0005.json */,
				B090E1E123AD57E700805A1C /* content0006.json */,
				B090E1E223AD57E700805A1C /* content0007.json */,
				B090E1E823AD586600805A1C /* content0008.json */,
				B090E1EA23AD586600805A1C /* content0009.json */,
				B090E1E923AD586600805A1C /* content0010.json */,
				B090E1F023AD58E000805A1C /* content0011.json */,
				B090E1EF23AD58E000805A1C /* content0012.json */,
				B090E1EE23AD58E000805A1C /* content0013.json */,
				B090E1F323AD58E100805A1C /* content0014.json */,
				B090E1F123AD58E100805A1C /* content0015.json */,
				B090E1F223AD58E100805A1C /* content0016.json */,
				B090E1F423AD58E100805A1C /* content0017.json */,
				B090E1F523AD58E100805A1C /* content0018.json */,
				B090E1F623AD58E100805A1C /* content0019.json */,
				B090E20823AD597D00805A1C /* content0020.json */,
				B090E20223AD597C00805A1C /* content0021.json */,
				B090E20723AD597D00805A1C /* content0022.json */,
				B090E20923AD597D00805A1C /* content0023.json */,
				B090E20523AD597D00805A1C /* content0024.json */,
				B090E20123AD597C00805A1C /* content0025.json */,
				B090E20B23AD597D00805A1C /* content0026.json */,
				B090E20A23AD597D00805A1C /* content0027.json */,
				B090E20623AD597D00805A1C /* content0028.json */,
				B090E20023AD597C00805A1C /* content0029.json */,
				B090E20423AD597C00805A1C /* content0030.json */,
				B090E20323AD597C00805A1C /* content0031.json */,
			);
			path = Resource;
			sourceTree = "<group>";
		};
		B090E15C23AC7C2200805A1C /* View */ = {
			isa = PBXGroup;
			children = (
				B090E15D23ACB47E00805A1C /* DetailNavView.swift */,
				B090E15F23AD21E700805A1C /* DetailTableView.swift */,
				B090E16123AD233100805A1C /* DetailTableViewCell.swift */,
			);
			path = View;
			sourceTree = "<group>";
		};
		B0D025C323AB030300C5A53D = {
			isa = PBXGroup;
			children = (
				B0D025CE23AB030300C5A53D /* LoveChat */,
				B0D025E523AB030600C5A53D /* LoveChatTests */,
				B0D025F023AB030600C5A53D /* LoveChatUITests */,
				B0D025CD23AB030300C5A53D /* Products */,
				FAFB0DFCBFF722274D3C7C77 /* Pods */,
				EC7E7DA5D54EBDFA7C608375 /* Frameworks */,
			);
			sourceTree = "<group>";
		};
		B0D025CD23AB030300C5A53D /* Products */ = {
			isa = PBXGroup;
			children = (
				B0D025CC23AB030300C5A53D /* 恋爱宝典.app */,
				B0D025E223AB030600C5A53D /* LoveChatTests.xctest */,
				B0D025ED23AB030600C5A53D /* LoveChatUITests.xctest */,
			);
			name = Products;
			sourceTree = "<group>";
		};
		B0D025CE23AB030300C5A53D /* LoveChat */ = {
			isa = PBXGroup;
			children = (
				5D8E5EFF23AD2A2400599B86 /* Vendor */,
				B0D0261523AB041B00C5A53D /* Macro */,
				5DCD5FD523AB4E3C00634253 /* Resource */,
				B0D0261123AB03A400C5A53D /* Module */,
				B0D025FF23AB037E00C5A53D /* BaseClass */,
				B0D0260423AB037E00C5A53D /* Extension */,
				B0D025CF23AB030300C5A53D /* AppDelegate.swift */,
				B0D025D523AB030300C5A53D /* Main.storyboard */,
				B0D025D823AB030600C5A53D /* Assets.xcassets */,
				B0D025DA23AB030600C5A53D /* LaunchScreen.storyboard */,
				B0D025DD23AB030600C5A53D /* Info.plist */,
			);
			path = LoveChat;
			sourceTree = "<group>";
		};
		B0D025E523AB030600C5A53D /* LoveChatTests */ = {
			isa = PBXGroup;
			children = (
				B0D025E623AB030600C5A53D /* LoveChatTests.swift */,
				B0D025E823AB030600C5A53D /* Info.plist */,
			);
			path = LoveChatTests;
			sourceTree = "<group>";
		};
		B0D025F023AB030600C5A53D /* LoveChatUITests */ = {
			isa = PBXGroup;
			children = (
				B0D025F123AB030600C5A53D /* LoveChatUITests.swift */,
				B0D025F323AB030600C5A53D /* Info.plist */,
			);
			path = LoveChatUITests;
			sourceTree = "<group>";
		};
		B0D025FF23AB037E00C5A53D /* BaseClass */ = {
			isa = PBXGroup;
			children = (
				B0D0260023AB037E00C5A53D /* BaseTabBarController.swift */,
				B0D0260123AB037E00C5A53D /* BaseViewController.swift */,
				B0D0260223AB037E00C5A53D /* BaseNavigationController.swift */,
				B0D0260323AB037E00C5A53D /* BaseView.swift */,
			);
			path = BaseClass;
			sourceTree = "<group>";
		};
		B0D0260423AB037E00C5A53D /* Extension */ = {
			isa = PBXGroup;
			children = (
				5D30244523AD17C2001D7162 /* StringExt.swift */,
				5D30243F23ACB9AE001D7162 /* Gradient.swift */,
				B0D0260523AB037E00C5A53D /* UIColorDarkMode.swift */,
				B0D0260623AB037E00C5A53D /* TableViewCellReusable.swift */,
				B0D0260723AB037E00C5A53D /* ClassName.swift */,
				B0D0260823AB037E00C5A53D /* StringExtension.swift */,
				B090E21823ADDB0E00805A1C /* ViewExtension.swift */,
			);
			path = Extension;
			sourceTree = "<group>";
		};
		B0D0261123AB03A400C5A53D /* Module */ = {
			isa = PBXGroup;
			children = (
				B0D0261E23AB4B8900C5A53D /* More */,
				B0D0261923AB04B500C5A53D /* Search */,
				B0D0261823AB04AF00C5A53D /* Detail */,
				B0D0261223AB03B900C5A53D /* Home */,
			);
			path = Module;
			sourceTree = "<group>";
		};
		B0D0261223AB03B900C5A53D /* Home */ = {
			isa = PBXGroup;
			children = (
				5DCD5ECB23AB32A300634253 /* Model */,
				5DCD5EC323AB329200634253 /* Controller */,
				5DCD5EC523AB329200634253 /* View */,
			);
			path = Home;
			sourceTree = "<group>";
		};
		B0D0261523AB041B00C5A53D /* Macro */ = {
			isa = PBXGroup;
			children = (
				B0D0261623AB041B00C5A53D /* Constants.swift */,
				5DCD5FD823AB4F9F00634253 /* Header.swift */,
				B0D0262B23AB5FA600C5A53D /* SaveModel.swift */,
				5D8E5EFB23AD287D00599B86 /* LoveChat-Bridging-Header.h */,
			);
			path = Macro;
			sourceTree = "<group>";
		};
		B0D0261823AB04AF00C5A53D /* Detail */ = {
			isa = PBXGroup;
			children = (
				B0D0261A23AB04C700C5A53D /* DetailViewController.swift */,
				B090E15C23AC7C2200805A1C /* View */,
			);
			path = Detail;
			sourceTree = "<group>";
		};
		B0D0261923AB04B500C5A53D /* Search */ = {
			isa = PBXGroup;
			children = (
				B0D0261C23AB04D100C5A53D /* SearchViewController.swift */,
			);
			path = Search;
			sourceTree = "<group>";
		};
		B0D0261E23AB4B8900C5A53D /* More */ = {
			isa = PBXGroup;
			children = (
				B0D0262423AB4EC800C5A53D /* Model */,
				B0D0262123AB4C7F00C5A53D /* View */,
				B0D0261F23AB4BE400C5A53D /* MoreViewController.swift */,
				B0D0262D23AB67CA00C5A53D /* advice.html */,
				B0D0262E23AB67CA00C5A53D /* FeebBack.swift */,
				B099FD6A23AE5D44000C9A46 /* About.swift */,
				B099FD6823AE5D2B000C9A46 /* about.html */,
			);
			path = More;
			sourceTree = "<group>";
		};
		B0D0262123AB4C7F00C5A53D /* View */ = {
			isa = PBXGroup;
			children = (
				B0D0262223AB4E2900C5A53D /* MeSettingTableView.swift */,
				B0D0262723AB558C00C5A53D /* SettingMainTableViewCell.swift */,
				B0D0262923AB5E0B00C5A53D /* MoreHeaderView.swift */,
			);
			path = View;
			sourceTree = "<group>";
		};
		B0D0262423AB4EC800C5A53D /* Model */ = {
			isa = PBXGroup;
			children = (
				B0D0262523AB4EDE00C5A53D /* MoreModel.swift */,
			);
			path = Model;
			sourceTree = "<group>";
		};
		EC7E7DA5D54EBDFA7C608375 /* Frameworks */ = {
			isa = PBXGroup;
			children = (
				97FEFC5DD5E51F0EB5CAD5B6 /* Pods_LoveChat.framework */,
			);
			name = Frameworks;
			sourceTree = "<group>";
		};
		FAFB0DFCBFF722274D3C7C77 /* Pods */ = {
			isa = PBXGroup;
			children = (
				B6CA670671560913579F1413 /* Pods-LoveChat.debug.xcconfig */,
				F8438C4873AA5D10AEEE082D /* Pods-LoveChat.release.xcconfig */,
			);
			path = Pods;
			sourceTree = "<group>";
		};
/* End PBXGroup section */

/* Begin PBXNativeTarget section */
		B0D025CB23AB030300C5A53D /* LoveChat */ = {
			isa = PBXNativeTarget;
			buildConfigurationList = B0D025F623AB030600C5A53D /* Build configuration list for PBXNativeTarget "LoveChat" */;
			buildPhases = (
				5B92003C99E1EC566FF1A5CB /* [CP] Check Pods Manifest.lock */,
				B0D025C823AB030300C5A53D /* Sources */,
				B0D025C923AB030300C5A53D /* Frameworks */,
				B0D025CA23AB030300C5A53D /* Resources */,
				3BF0EB4211AFA50FEF9A0B3B /* [CP] Embed Pods Frameworks */,
			);
			buildRules = (
			);
			dependencies = (
			);
			name = LoveChat;
			productName = LoveChat;
			productReference = B0D025CC23AB030300C5A53D /* 恋爱宝典.app */;
			productType = "com.apple.product-type.application";
		};
		B0D025E123AB030600C5A53D /* LoveChatTests */ = {
			isa = PBXNativeTarget;
			buildConfigurationList = B0D025F923AB030600C5A53D /* Build configuration list for PBXNativeTarget "LoveChatTests" */;
			buildPhases = (
				B0D025DE23AB030600C5A53D /* Sources */,
				B0D025DF23AB030600C5A53D /* Frameworks */,
				B0D025E023AB030600C5A53D /* Resources */,
			);
			buildRules = (
			);
			dependencies = (
				B0D025E423AB030600C5A53D /* PBXTargetDependency */,
			);
			name = LoveChatTests;
			productName = LoveChatTests;
			productReference = B0D025E223AB030600C5A53D /* LoveChatTests.xctest */;
			productType = "com.apple.product-type.bundle.unit-test";
		};
		B0D025EC23AB030600C5A53D /* LoveChatUITests */ = {
			isa = PBXNativeTarget;
			buildConfigurationList = B0D025FC23AB030600C5A53D /* Build configuration list for PBXNativeTarget "LoveChatUITests" */;
			buildPhases = (
				B0D025E923AB030600C5A53D /* Sources */,
				B0D025EA23AB030600C5A53D /* Frameworks */,
				B0D025EB23AB030600C5A53D /* Resources */,
			);
			buildRules = (
			);
			dependencies = (
				B0D025EF23AB030600C5A53D /* PBXTargetDependency */,
			);
			name = LoveChatUITests;
			productName = LoveChatUITests;
			productReference = B0D025ED23AB030600C5A53D /* LoveChatUITests.xctest */;
			productType = "com.apple.product-type.bundle.ui-testing";
		};
/* End PBXNativeTarget section */

/* Begin PBXProject section */
		B0D025C423AB030300C5A53D /* Project object */ = {
			isa = PBXProject;
			attributes = {
				LastSwiftUpdateCheck = 1130;
				LastUpgradeCheck = 1130;
				ORGANIZATIONNAME = liyongfi;
				TargetAttributes = {
					B0D025CB23AB030300C5A53D = {
						CreatedOnToolsVersion = 11.3;
						LastSwiftMigration = 1130;
					};
					B0D025E123AB030600C5A53D = {
						CreatedOnToolsVersion = 11.3;
						TestTargetID = B0D025CB23AB030300C5A53D;
					};
					B0D025EC23AB030600C5A53D = {
						CreatedOnToolsVersion = 11.3;
						TestTargetID = B0D025CB23AB030300C5A53D;
					};
				};
			};
			buildConfigurationList = B0D025C723AB030300C5A53D /* Build configuration list for PBXProject "LoveChat" */;
			compatibilityVersion = "Xcode 9.3";
			developmentRegion = en;
			hasScannedForEncodings = 0;
			knownRegions = (
				en,
				Base,
			);
			mainGroup = B0D025C323AB030300C5A53D;
			productRefGroup = B0D025CD23AB030300C5A53D /* Products */;
			projectDirPath = "";
			projectRoot = "";
			targets = (
				B0D025CB23AB030300C5A53D /* LoveChat */,
				B0D025E123AB030600C5A53D /* LoveChatTests */,
				B0D025EC23AB030600C5A53D /* LoveChatUITests */,
			);
		};
/* End PBXProject section */

/* Begin PBXResourcesBuildPhase section */
		B0D025CA23AB030300C5A53D /* Resources */ = {
			isa = PBXResourcesBuildPhase;
			buildActionMask = 2147483647;
			files = (
				5D8E5F1323AD2A2400599B86 /* unicode_to_hanyu_pinyin.txt in Resources */,
				B090E1FB23AD58E100805A1C /* content0016.json in Resources */,
				B090E21123AD597D00805A1C /* content0024.json in Resources */,
				B090E20C23AD597D00805A1C /* content0029.json in Resources */,
				B090E1F923AD58E100805A1C /* content0011.json in Resources */,
				B0D025DC23AB030600C5A53D /* LaunchScreen.storyboard in Resources */,
				B090E1FE23AD58E100805A1C /* content0018.json in Resources */,
				B090E1DE23AD39C800805A1C /* content0002.json in Resources */,
				B090E20D23AD597D00805A1C /* content0025.json in Resources */,
				B090E1FD23AD58E100805A1C /* content0017.json in Resources */,
				B090E1E723AD57E700805A1C /* content0005.json in Resources */,
				B090E20F23AD597D00805A1C /* content0031.json in Resources */,
				B090E1DF23AD39C800805A1C /* content0001.json in Resources */,
				B090E21323AD597D00805A1C /* content0022.json in Resources */,
				B0D025D923AB030600C5A53D /* Assets.xcassets in Resources */,
				B0D0262F23AB67CA00C5A53D /* advice.html in Resources */,
				B099FD6923AE5D2B000C9A46 /* about.html in Resources */,
				B090E21623AD597D00805A1C /* content0027.json in Resources */,
				B090E1EC23AD586600805A1C /* content0010.json in Resources */,
				B090E1F723AD58E100805A1C /* content0013.json in Resources */,
				B090E1EB23AD586600805A1C /* content0008.json in Resources */,
				5DCD5FD723AB4E3C00634253 /* index.json in Resources */,
				B090E1E423AD57E700805A1C /* content0004.json in Resources */,
				B090E1E523AD57E700805A1C /* content0006.json in Resources */,
				B090E1ED23AD586600805A1C /* content0009.json in Resources */,
				B090E1FC23AD58E100805A1C /* content0014.json in Resources */,
				B090E21023AD597D00805A1C /* content0030.json in Resources */,
				B090E1DC23AD39C800805A1C /* content0003.json in Resources */,
				B090E21723AD597D00805A1C /* content0026.json in Resources */,
				B090E20E23AD597D00805A1C /* content0021.json in Resources */,
				B090E1E623AD57E700805A1C /* content0007.json in Resources */,
				B090E1FA23AD58E100805A1C /* content0015.json in Resources */,
				B090E1FF23AD58E100805A1C /* content0019.json in Resources */,
				B090E21223AD597D00805A1C /* content0028.json in Resources */,
				B090E1F823AD58E100805A1C /* content0012.json in Resources */,
				B090E21523AD597D00805A1C /* content0023.json in Resources */,
				B0D025D723AB030300C5A53D /* Main.storyboard in Resources */,
				B090E21423AD597D00805A1C /* content0020.json in Resources */,
			);
			runOnlyForDeploymentPostprocessing = 0;
		};
		B0D025E023AB030600C5A53D /* Resources */ = {
			isa = PBXResourcesBuildPhase;
			buildActionMask = 2147483647;
			files = (
			);
			runOnlyForDeploymentPostprocessing = 0;
		};
		B0D025EB23AB030600C5A53D /* Resources */ = {
			isa = PBXResourcesBuildPhase;
			buildActionMask = 2147483647;
			files = (
			);
			runOnlyForDeploymentPostprocessing = 0;
		};
/* End PBXResourcesBuildPhase section */

/* Begin PBXShellScriptBuildPhase section */
		3BF0EB4211AFA50FEF9A0B3B /* [CP] Embed Pods Frameworks */ = {
			isa = PBXShellScriptBuildPhase;
			buildActionMask = 2147483647;
			files = (
			);
			inputFileListPaths = (
				"${PODS_ROOT}/Target Support Files/Pods-LoveChat/Pods-LoveChat-frameworks-${CONFIGURATION}-input-files.xcfilelist",
			);
			name = "[CP] Embed Pods Frameworks";
			outputFileListPaths = (
				"${PODS_ROOT}/Target Support Files/Pods-LoveChat/Pods-LoveChat-frameworks-${CONFIGURATION}-output-files.xcfilelist",
			);
			runOnlyForDeploymentPostprocessing = 0;
			shellPath = /bin/sh;
			shellScript = "\"${PODS_ROOT}/Target Support Files/Pods-LoveChat/Pods-LoveChat-frameworks.sh\"\n";
			showEnvVarsInLog = 0;
		};
		5B92003C99E1EC566FF1A5CB /* [CP] Check Pods Manifest.lock */ = {
			isa = PBXShellScriptBuildPhase;
			buildActionMask = 2147483647;
			files = (
			);
			inputFileListPaths = (
			);
			inputPaths = (
				"${PODS_PODFILE_DIR_PATH}/Podfile.lock",
				"${PODS_ROOT}/Manifest.lock",
			);
			name = "[CP] Check Pods Manifest.lock";
			outputFileListPaths = (
			);
			outputPaths = (
				"$(DERIVED_FILE_DIR)/Pods-LoveChat-checkManifestLockResult.txt",
			);
			runOnlyForDeploymentPostprocessing = 0;
			shellPath = /bin/sh;
			shellScript = "diff \"${PODS_PODFILE_DIR_PATH}/Podfile.lock\" \"${PODS_ROOT}/Manifest.lock\" > /dev/null\nif [ $? != 0 ] ; then\n    # print error to STDERR\n    echo \"error: The sandbox is not in sync with the Podfile.lock. Run 'pod install' or update your CocoaPods installation.\" >&2\n    exit 1\nfi\n# This output is used by Xcode 'outputs' to avoid re-running this script phase.\necho \"SUCCESS\" > \"${SCRIPT_OUTPUT_FILE_0}\"\n";
			showEnvVarsInLog = 0;
		};
/* End PBXShellScriptBuildPhase section */

/* Begin PBXSourcesBuildPhase section */
		B0D025C823AB030300C5A53D /* Sources */ = {
			isa = PBXSourcesBuildPhase;
			buildActionMask = 2147483647;
			files = (
				5D8E5F1423AD2A2400599B86 /* PinyinHelper.m in Sources */,
				5DCD5ECA23AB329200634253 /* HomeHeadView.swift in Sources */,
				B0D0260D23AB037E00C5A53D /* UIColorDarkMode.swift in Sources */,
				B090E1A623AD242C00805A1C /* GetJson.swift in Sources */,
				B0D0262C23AB5FA600C5A53D /* SaveModel.swift in Sources */,
				5DCD5EC923AB329200634253 /* HomeListView.swift in Sources */,
				B0D0261023AB037E00C5A53D /* StringExtension.swift in Sources */,
				B0D0262323AB4E2900C5A53D /* MeSettingTableView.swift in Sources */,
				5D8E5F1223AD2A2400599B86 /* NSString+PinYin4Cocoa.m in Sources */,
				5DCD5ECF23AB335900634253 /* HomePageModel.swift in Sources */,
				B0D0260A23AB037E00C5A53D /* BaseViewController.swift in Sources */,
				5D8E5F1623AD2A2400599B86 /* HanyuPinyinOutputFormat.m in Sources */,
				5D8E5F1823AD2A2400599B86 /* ChineseToPinyinResource.m in Sources */,
				B090E21923ADDB0E00805A1C /* ViewExtension.swift in Sources */,
				B0D0261B23AB04C700C5A53D /* DetailViewController.swift in Sources */,
				B0D0262A23AB5E0B00C5A53D /* MoreHeaderView.swift in Sources */,
				5D30244623AD17C2001D7162 /* StringExt.swift in Sources */,
				B0D0263023AB67CA00C5A53D /* FeebBack.swift in Sources */,
				5D30244223ACCA95001D7162 /* HomeSectionView.swift in Sources */,
				5D30244023ACB9AE001D7162 /* Gradient.swift in Sources */,
				B0D025D023AB030300C5A53D /* AppDelegate.swift in Sources */,
				5D8E5F1723AD2A2400599B86 /* ZYPinYinSearch.m in Sources */,
				5DCD5FD423AB4BE300634253 /* HomeListCell.swift in Sources */,
				B0D0260E23AB037E00C5A53D /* TableViewCellReusable.swift in Sources */,
				5D8E5F1523AD2A2400599B86 /* ChineseInclude.m in Sources */,
				5DCD5FD923AB4F9F00634253 /* Header.swift in Sources */,
				B0D0260C23AB037E00C5A53D /* BaseView.swift in Sources */,
				B090E16023AD21E700805A1C /* DetailTableView.swift in Sources */,
				5D8E5F1923AD2A2400599B86 /* PinyinFormatter.m in Sources */,
				5D8E5F1A23AD2A2400599B86 /* PinYinForObjc.m in Sources */,
				B0D0262023AB4BE400C5A53D /* MoreViewController.swift in Sources */,
				B090E15E23ACB47E00805A1C /* DetailNavView.swift in Sources */,
				B0D0261D23AB04D100C5A53D /* SearchViewController.swift in Sources */,
				B0D0260B23AB037E00C5A53D /* BaseNavigationController.swift in Sources */,
				B0D0260923AB037E00C5A53D /* BaseTabBarController.swift in Sources */,
				B0D0260F23AB037E00C5A53D /* ClassName.swift in Sources */,
				B0D0262823AB558C00C5A53D /* SettingMainTableViewCell.swift in Sources */,
				B099FD6B23AE5D44000C9A46 /* About.swift in Sources */,
				B0D0262623AB4EDE00C5A53D /* MoreModel.swift in Sources */,
				5DCD5EC823AB329200634253 /* HomeViewController.swift in Sources */,
				B0D0261723AB041B00C5A53D /* Constants.swift in Sources */,
				B090E16223AD233100805A1C /* DetailTableViewCell.swift in Sources */,
			);
			runOnlyForDeploymentPostprocessing = 0;
		};
		B0D025DE23AB030600C5A53D /* Sources */ = {
			isa = PBXSourcesBuildPhase;
			buildActionMask = 2147483647;
			files = (
				B0D025E723AB030600C5A53D /* LoveChatTests.swift in Sources */,
			);
			runOnlyForDeploymentPostprocessing = 0;
		};
		B0D025E923AB030600C5A53D /* Sources */ = {
			isa = PBXSourcesBuildPhase;
			buildActionMask = 2147483647;
			files = (
				B0D025F223AB030600C5A53D /* LoveChatUITests.swift in Sources */,
			);
			runOnlyForDeploymentPostprocessing = 0;
		};
/* End PBXSourcesBuildPhase section */

/* Begin PBXTargetDependency section */
		B0D025E423AB030600C5A53D /* PBXTargetDependency */ = {
			isa = PBXTargetDependency;
			target = B0D025CB23AB030300C5A53D /* LoveChat */;
			targetProxy = B0D025E323AB030600C5A53D /* PBXContainerItemProxy */;
		};
		B0D025EF23AB030600C5A53D /* PBXTargetDependency */ = {
			isa = PBXTargetDependency;
			target = B0D025CB23AB030300C5A53D /* LoveChat */;
			targetProxy = B0D025EE23AB030600C5A53D /* PBXContainerItemProxy */;
		};
/* End PBXTargetDependency section */

/* Begin PBXVariantGroup section */
		B0D025D523AB030300C5A53D /* Main.storyboard */ = {
			isa = PBXVariantGroup;
			children = (
				B0D025D623AB030300C5A53D /* Base */,
			);
			name = Main.storyboard;
			sourceTree = "<group>";
		};
		B0D025DA23AB030600C5A53D /* LaunchScreen.storyboard */ = {
			isa = PBXVariantGroup;
			children = (
				B0D025DB23AB030600C5A53D /* Base */,
			);
			name = LaunchScreen.storyboard;
			sourceTree = "<group>";
		};
/* End PBXVariantGroup section */

/* Begin XCBuildConfiguration section */
		B0D025F423AB030600C5A53D /* Debug */ = {
			isa = XCBuildConfiguration;
			buildSettings = {
				ALWAYS_SEARCH_USER_PATHS = NO;
				CLANG_ANALYZER_NONNULL = YES;
				CLANG_ANALYZER_NUMBER_OBJECT_CONVERSION = YES_AGGRESSIVE;
				CLANG_CXX_LANGUAGE_STANDARD = "gnu++14";
				CLANG_CXX_LIBRARY = "libc++";
				CLANG_ENABLE_MODULES = YES;
				CLANG_ENABLE_OBJC_ARC = YES;
				CLANG_ENABLE_OBJC_WEAK = YES;
				CLANG_WARN_BLOCK_CAPTURE_AUTORELEASING = YES;
				CLANG_WARN_BOOL_CONVERSION = YES;
				CLANG_WARN_COMMA = YES;
				CLANG_WARN_CONSTANT_CONVERSION = YES;
				CLANG_WARN_DEPRECATED_OBJC_IMPLEMENTATIONS = YES;
				CLANG_WARN_DIRECT_OBJC_ISA_USAGE = YES_ERROR;
				CLANG_WARN_DOCUMENTATION_COMMENTS = YES;
				CLANG_WARN_EMPTY_BODY = YES;
				CLANG_WARN_ENUM_CONVERSION = YES;
				CLANG_WARN_INFINITE_RECURSION = YES;
				CLANG_WARN_INT_CONVERSION = YES;
				CLANG_WARN_NON_LITERAL_NULL_CONVERSION = YES;
				CLANG_WARN_OBJC_IMPLICIT_RETAIN_SELF = YES;
				CLANG_WARN_OBJC_LITERAL_CONVERSION = YES;
				CLANG_WARN_OBJC_ROOT_CLASS = YES_ERROR;
				CLANG_WARN_RANGE_LOOP_ANALYSIS = YES;
				CLANG_WARN_STRICT_PROTOTYPES = YES;
				CLANG_WARN_SUSPICIOUS_MOVE = YES;
				CLANG_WARN_UNGUARDED_AVAILABILITY = YES_AGGRESSIVE;
				CLANG_WARN_UNREACHABLE_CODE = YES;
				CLANG_WARN__DUPLICATE_METHOD_MATCH = YES;
				COPY_PHASE_STRIP = NO;
				DEBUG_INFORMATION_FORMAT = dwarf;
				ENABLE_STRICT_OBJC_MSGSEND = YES;
				ENABLE_TESTABILITY = YES;
				GCC_C_LANGUAGE_STANDARD = gnu11;
				GCC_DYNAMIC_NO_PIC = NO;
				GCC_NO_COMMON_BLOCKS = YES;
				GCC_OPTIMIZATION_LEVEL = 0;
				GCC_PREPROCESSOR_DEFINITIONS = (
					"DEBUG=1",
					"$(inherited)",
				);
				GCC_WARN_64_TO_32_BIT_CONVERSION = YES;
				GCC_WARN_ABOUT_RETURN_TYPE = YES_ERROR;
				GCC_WARN_UNDECLARED_SELECTOR = YES;
				GCC_WARN_UNINITIALIZED_AUTOS = YES_AGGRESSIVE;
				GCC_WARN_UNUSED_FUNCTION = YES;
				GCC_WARN_UNUSED_VARIABLE = YES;
				IPHONEOS_DEPLOYMENT_TARGET = 13.2;
				MTL_ENABLE_DEBUG_INFO = INCLUDE_SOURCE;
				MTL_FAST_MATH = YES;
				ONLY_ACTIVE_ARCH = YES;
				SDKROOT = iphoneos;
				SWIFT_ACTIVE_COMPILATION_CONDITIONS = DEBUG;
				SWIFT_OPTIMIZATION_LEVEL = "-Onone";
			};
			name = Debug;
		};
		B0D025F523AB030600C5A53D /* Release */ = {
			isa = XCBuildConfiguration;
			buildSettings = {
				ALWAYS_SEARCH_USER_PATHS = NO;
				CLANG_ANALYZER_NONNULL = YES;
				CLANG_ANALYZER_NUMBER_OBJECT_CONVERSION = YES_AGGRESSIVE;
				CLANG_CXX_LANGUAGE_STANDARD = "gnu++14";
				CLANG_CXX_LIBRARY = "libc++";
				CLANG_ENABLE_MODULES = YES;
				CLANG_ENABLE_OBJC_ARC = YES;
				CLANG_ENABLE_OBJC_WEAK = YES;
				CLANG_WARN_BLOCK_CAPTURE_AUTORELEASING = YES;
				CLANG_WARN_BOOL_CONVERSION = YES;
				CLANG_WARN_COMMA = YES;
				CLANG_WARN_CONSTANT_CONVERSION = YES;
				CLANG_WARN_DEPRECATED_OBJC_IMPLEMENTATIONS = YES;
				CLANG_WARN_DIRECT_OBJC_ISA_USAGE = YES_ERROR;
				CLANG_WARN_DOCUMENTATION_COMMENTS = YES;
				CLANG_WARN_EMPTY_BODY = YES;
				CLANG_WARN_ENUM_CONVERSION = YES;
				CLANG_WARN_INFINITE_RECURSION = YES;
				CLANG_WARN_INT_CONVERSION = YES;
				CLANG_WARN_NON_LITERAL_NULL_CONVERSION = YES;
				CLANG_WARN_OBJC_IMPLICIT_RETAIN_SELF = YES;
				CLANG_WARN_OBJC_LITERAL_CONVERSION = YES;
				CLANG_WARN_OBJC_ROOT_CLASS = YES_ERROR;
				CLANG_WARN_RANGE_LOOP_ANALYSIS = YES;
				CLANG_WARN_STRICT_PROTOTYPES = YES;
				CLANG_WARN_SUSPICIOUS_MOVE = YES;
				CLANG_WARN_UNGUARDED_AVAILABILITY = YES_AGGRESSIVE;
				CLANG_WARN_UNREACHABLE_CODE = YES;
				CLANG_WARN__DUPLICATE_METHOD_MATCH = YES;
				COPY_PHASE_STRIP = NO;
				DEBUG_INFORMATION_FORMAT = "dwarf-with-dsym";
				ENABLE_NS_ASSERTIONS = NO;
				ENABLE_STRICT_OBJC_MSGSEND = YES;
				GCC_C_LANGUAGE_STANDARD = gnu11;
				GCC_NO_COMMON_BLOCKS = YES;
				GCC_WARN_64_TO_32_BIT_CONVERSION = YES;
				GCC_WARN_ABOUT_RETURN_TYPE = YES_ERROR;
				GCC_WARN_UNDECLARED_SELECTOR = YES;
				GCC_WARN_UNINITIALIZED_AUTOS = YES_AGGRESSIVE;
				GCC_WARN_UNUSED_FUNCTION = YES;
				GCC_WARN_UNUSED_VARIABLE = YES;
				IPHONEOS_DEPLOYMENT_TARGET = 13.2;
				MTL_ENABLE_DEBUG_INFO = NO;
				MTL_FAST_MATH = YES;
				SDKROOT = iphoneos;
				SWIFT_COMPILATION_MODE = wholemodule;
				SWIFT_OPTIMIZATION_LEVEL = "-O";
				VALIDATE_PRODUCT = YES;
			};
			name = Release;
		};
		B0D025F723AB030600C5A53D /* Debug */ = {
			isa = XCBuildConfiguration;
			baseConfigurationReference = B6CA670671560913579F1413 /* Pods-LoveChat.debug.xcconfig */;
			buildSettings = {
				ASSETCATALOG_COMPILER_APPICON_NAME = AppIcon;
				CLANG_ENABLE_MODULES = YES;
				CODE_SIGN_STYLE = Automatic;
				DEVELOPMENT_TEAM = SPX825CED4;
				INFOPLIST_FILE = LoveChat/Info.plist;
				IPHONEOS_DEPLOYMENT_TARGET = 10.0;
				LD_RUNPATH_SEARCH_PATHS = (
					"$(inherited)",
					"@executable_path/Frameworks",
				);
				PRODUCT_BUNDLE_IDENTIFIER = com.lovechat.good.LoveChat;
				PRODUCT_NAME = "恋爱宝典";
				SWIFT_OBJC_BRIDGING_HEADER = "LoveChat/Macro/LoveChat-Bridging-Header.h";
				SWIFT_OPTIMIZATION_LEVEL = "-Onone";
				SWIFT_VERSION = 5.0;
				TARGETED_DEVICE_FAMILY = 1;
			};
			name = Debug;
		};
		B0D025F823AB030600C5A53D /* Release */ = {
			isa = XCBuildConfiguration;
			baseConfigurationReference = F8438C4873AA5D10AEEE082D /* Pods-LoveChat.release.xcconfig */;
			buildSettings = {
				ASSETCATALOG_COMPILER_APPICON_NAME = AppIcon;
				CLANG_ENABLE_MODULES = YES;
				CODE_SIGN_STYLE = Automatic;
				DEVELOPMENT_TEAM = SPX825CED4;
				INFOPLIST_FILE = LoveChat/Info.plist;
				IPHONEOS_DEPLOYMENT_TARGET = 10.0;
				LD_RUNPATH_SEARCH_PATHS = (
					"$(inherited)",
					"@executable_path/Frameworks",
				);
				PRODUCT_BUNDLE_IDENTIFIER = com.lovechat.good.LoveChat;
				PRODUCT_NAME = "恋爱宝典";
				SWIFT_OBJC_BRIDGING_HEADER = "LoveChat/Macro/LoveChat-Bridging-Header.h";
				SWIFT_VERSION = 5.0;
				TARGETED_DEVICE_FAMILY = 1;
			};
			name = Release;
		};
		B0D025FA23AB030600C5A53D /* Debug */ = {
			isa = XCBuildConfiguration;
			buildSettings = {
				ALWAYS_EMBED_SWIFT_STANDARD_LIBRARIES = YES;
				BUNDLE_LOADER = "$(TEST_HOST)";
				CODE_SIGN_STYLE = Automatic;
				DEVELOPMENT_TEAM = VC2APXSZ8B;
				INFOPLIST_FILE = LoveChatTests/Info.plist;
				IPHONEOS_DEPLOYMENT_TARGET = 13.2;
				LD_RUNPATH_SEARCH_PATHS = (
					"$(inherited)",
					"@executable_path/Frameworks",
					"@loader_path/Frameworks",
				);
				PRODUCT_BUNDLE_IDENTIFIER = com.lovechat.good.LoveChatTests;
				PRODUCT_NAME = "$(TARGET_NAME)";
				SWIFT_VERSION = 5.0;
				TARGETED_DEVICE_FAMILY = "1,2";
				TEST_HOST = "$(BUILT_PRODUCTS_DIR)/LoveChat.app/LoveChat";
			};
			name = Debug;
		};
		B0D025FB23AB030600C5A53D /* Release */ = {
			isa = XCBuildConfiguration;
			buildSettings = {
				ALWAYS_EMBED_SWIFT_STANDARD_LIBRARIES = YES;
				BUNDLE_LOADER = "$(TEST_HOST)";
				CODE_SIGN_STYLE = Automatic;
				DEVELOPMENT_TEAM = VC2APXSZ8B;
				INFOPLIST_FILE = LoveChatTests/Info.plist;
				IPHONEOS_DEPLOYMENT_TARGET = 13.2;
				LD_RUNPATH_SEARCH_PATHS = (
					"$(inherited)",
					"@executable_path/Frameworks",
					"@loader_path/Frameworks",
				);
				PRODUCT_BUNDLE_IDENTIFIER = com.lovechat.good.LoveChatTests;
				PRODUCT_NAME = "$(TARGET_NAME)";
				SWIFT_VERSION = 5.0;
				TARGETED_DEVICE_FAMILY = "1,2";
				TEST_HOST = "$(BUILT_PRODUCTS_DIR)/LoveChat.app/LoveChat";
			};
			name = Release;
		};
		B0D025FD23AB030600C5A53D /* Debug */ = {
			isa = XCBuildConfiguration;
			buildSettings = {
				ALWAYS_EMBED_SWIFT_STANDARD_LIBRARIES = YES;
				CODE_SIGN_STYLE = Automatic;
				DEVELOPMENT_TEAM = VC2APXSZ8B;
				INFOPLIST_FILE = LoveChatUITests/Info.plist;
				LD_RUNPATH_SEARCH_PATHS = (
					"$(inherited)",
					"@executable_path/Frameworks",
					"@loader_path/Frameworks",
				);
				PRODUCT_BUNDLE_IDENTIFIER = com.lovechat.good.LoveChatUITests;
				PRODUCT_NAME = "$(TARGET_NAME)";
				SWIFT_VERSION = 5.0;
				TARGETED_DEVICE_FAMILY = "1,2";
				TEST_TARGET_NAME = LoveChat;
			};
			name = Debug;
		};
		B0D025FE23AB030600C5A53D /* Release */ = {
			isa = XCBuildConfiguration;
			buildSettings = {
				ALWAYS_EMBED_SWIFT_STANDARD_LIBRARIES = YES;
				CODE_SIGN_STYLE = Automatic;
				DEVELOPMENT_TEAM = VC2APXSZ8B;
				INFOPLIST_FILE = LoveChatUITests/Info.plist;
				LD_RUNPATH_SEARCH_PATHS = (
					"$(inherited)",
					"@executable_path/Frameworks",
					"@loader_path/Frameworks",
				);
				PRODUCT_BUNDLE_IDENTIFIER = com.lovechat.good.LoveChatUITests;
				PRODUCT_NAME = "$(TARGET_NAME)";
				SWIFT_VERSION = 5.0;
				TARGETED_DEVICE_FAMILY = "1,2";
				TEST_TARGET_NAME = LoveChat;
			};
			name = Release;
		};
/* End XCBuildConfiguration section */

/* Begin XCConfigurationList section */
		B0D025C723AB030300C5A53D /* Build configuration list for PBXProject "LoveChat" */ = {
			isa = XCConfigurationList;
			buildConfigurations = (
				B0D025F423AB030600C5A53D /* Debug */,
				B0D025F523AB030600C5A53D /* Release */,
			);
			defaultConfigurationIsVisible = 0;
			defaultConfigurationName = Release;
		};
		B0D025F623AB030600C5A53D /* Build configuration list for PBXNativeTarget "LoveChat" */ = {
			isa = XCConfigurationList;
			buildConfigurations = (
				B0D025F723AB030600C5A53D /* Debug */,
				B0D025F823AB030600C5A53D /* Release */,
			);
			defaultConfigurationIsVisible = 0;
			defaultConfigurationName = Release;
		};
		B0D025F923AB030600C5A53D /* Build configuration list for PBXNativeTarget "LoveChatTests" */ = {
			isa = XCConfigurationList;
			buildConfigurations = (
				B0D025FA23AB030600C5A53D /* Debug */,
				B0D025FB23AB030600C5A53D /* Release */,
			);
			defaultConfigurationIsVisible = 0;
			defaultConfigurationName = Release;
		};
		B0D025FC23AB030600C5A53D /* Build configuration list for PBXNativeTarget "LoveChatUITests" */ = {
			isa = XCConfigurationList;
			buildConfigurations = (
				B0D025FD23AB030600C5A53D /* Debug */,
				B0D025FE23AB030600C5A53D /* Release */,
			);
			defaultConfigurationIsVisible = 0;
			defaultConfigurationName = Release;
		};
/* End XCConfigurationList section */
	};
	rootObject = B0D025C423AB030300C5A53D /* Project object */;
}
